// !$*UTF8*$!
{
	archiveVersion = 1;
	classes = {
	};
	objectVersion = 46;
	objects = {

/* Begin PBXBuildFile section */
		FFC7DCEA184E52E000A766B3 /* Foundation.framework in Frameworks */ = {isa = PBXBuildFile; fileRef = FFC7DCE9184E52E000A766B3 /* Foundation.framework */; };
		FFC7DCEC184E52E000A766B3 /* CoreGraphics.framework in Frameworks */ = {isa = PBXBuildFile; fileRef = FFC7DCEB184E52E000A766B3 /* CoreGraphics.framework */; };
		FFC7DCEE184E52E000A766B3 /* UIKit.framework in Frameworks */ = {isa = PBXBuildFile; fileRef = FFC7DCED184E52E000A766B3 /* UIKit.framework */; };
		FFC7DCF4184E52E000A766B3 /* InfoPlist.strings in Resources */ = {isa = PBXBuildFile; fileRef = FFC7DCF2184E52E000A766B3 /* InfoPlist.strings */; };
		FFC7DCF6184E52E000A766B3 /* main.m in Sources */ = {isa = PBXBuildFile; fileRef = FFC7DCF5184E52E000A766B3 /* main.m */; };
		FFC7DCFA184E52E000A766B3 /* AppDelegate.m in Sources */ = {isa = PBXBuildFile; fileRef = FFC7DCF9184E52E000A766B3 /* AppDelegate.m */; };
		FFC7DCFC184E52E000A766B3 /* Images.xcassets in Resources */ = {isa = PBXBuildFile; fileRef = FFC7DCFB184E52E000A766B3 /* Images.xcassets */; };
		FFC7DD03184E52E000A766B3 /* XCTest.framework in Frameworks */ = {isa = PBXBuildFile; fileRef = FFC7DD02184E52E000A766B3 /* XCTest.framework */; };
		FFC7DD04184E52E000A766B3 /* Foundation.framework in Frameworks */ = {isa = PBXBuildFile; fileRef = FFC7DCE9184E52E000A766B3 /* Foundation.framework */; };
		FFC7DD05184E52E000A766B3 /* UIKit.framework in Frameworks */ = {isa = PBXBuildFile; fileRef = FFC7DCED184E52E000A766B3 /* UIKit.framework */; };
		FFC7DD0D184E52E000A766B3 /* InfoPlist.strings in Resources */ = {isa = PBXBuildFile; fileRef = FFC7DD0B184E52E000A766B3 /* InfoPlist.strings */; };
		FFC7DD0F184E52E000A766B3 /* forcaVerdeTests.m in Sources */ = {isa = PBXBuildFile; fileRef = FFC7DD0E184E52E000A766B3 /* forcaVerdeTests.m */; };
		FFC7DD1B184E533400A766B3 /* MeuViewController.m in Sources */ = {isa = PBXBuildFile; fileRef = FFC7DD19184E533400A766B3 /* MeuViewController.m */; };
		FFC7DD1C184E533400A766B3 /* MeuViewController.xib in Resources */ = {isa = PBXBuildFile; fileRef = FFC7DD1A184E533400A766B3 /* MeuViewController.xib */; };
		FFC7DD1E184E562C00A766B3 /* CoreLocation.framework in Frameworks */ = {isa = PBXBuildFile; fileRef = FFC7DD1D184E562C00A766B3 /* CoreLocation.framework */; };
/* End PBXBuildFile section */

/* Begin PBXContainerItemProxy section */
		FFC7DD06184E52E000A766B3 /* PBXContainerItemProxy */ = {
			isa = PBXContainerItemProxy;
			containerPortal = FFC7DCDE184E52E000A766B3 /* Project object */;
			proxyType = 1;
			remoteGlobalIDString = FFC7DCE5184E52E000A766B3;
			remoteInfo = forcaVerde;
		};
/* End PBXContainerItemProxy section */

/* Begin PBXFileReference section */
		FFC7DCE6184E52E000A766B3 /* forcaVerde.app */ = {isa = PBXFileReference; explicitFileType = wrapper.application; includeInIndex = 0; path = forcaVerde.app; sourceTree = BUILT_PRODUCTS_DIR; };
		FFC7DCE9184E52E000A766B3 /* Foundation.framework */ = {isa = PBXFileReference; lastKnownFileType = wrapper.framework; name = Foundation.framework; path = System/Library/Frameworks/Foundation.framework; sourceTree = SDKROOT; };
		FFC7DCEB184E52E000A766B3 /* CoreGraphics.framework */ = {isa = PBXFileReference; lastKnownFileType = wrapper.framework; name = CoreGraphics.framework; path = System/Library/Frameworks/CoreGraphics.framework; sourceTree = SDKROOT; };
		FFC7DCED184E52E000A766B3 /* UIKit.framework */ = {isa = PBXFileReference; lastKnownFileType = wrapper.framework; name = UIKit.framework; path = System/Library/Frameworks/UIKit.framework; sourceTree = SDKROOT; };
		FFC7DCF1184E52E000A766B3 /* forcaVerde-Info.plist */ = {isa = PBXFileReference; lastKnownFileType = text.plist.xml; path = "forcaVerde-Info.plist"; sourceTree = "<group>"; };
		FFC7DCF3184E52E000A766B3 /* en */ = {isa = PBXFileReference; lastKnownFileType = text.plist.strings; name = en; path = en.lproj/InfoPlist.strings; sourceTree = "<group>"; };
		FFC7DCF5184E52E000A766B3 /* main.m */ = {isa = PBXFileReference; lastKnownFileType = sourcecode.c.objc; path = main.m; sourceTree = "<group>"; };
		FFC7DCF7184E52E000A766B3 /* forcaVerde-Prefix.pch */ = {isa = PBXFileReference; lastKnownFileType = sourcecode.c.h; path = "forcaVerde-Prefix.pch"; sourceTree = "<group>"; };
		FFC7DCF8184E52E000A766B3 /* AppDelegate.h */ = {isa = PBXFileReference; lastKnownFileType = sourcecode.c.h; path = AppDelegate.h; sourceTree = "<group>"; };
		FFC7DCF9184E52E000A766B3 /* AppDelegate.m */ = {isa = PBXFileReference; lastKnownFileType = sourcecode.c.objc; path = AppDelegate.m; sourceTree = "<group>"; };
		FFC7DCFB184E52E000A766B3 /* Images.xcassets */ = {isa = PBXFileReference; lastKnownFileType = folder.assetcatalog; path = Images.xcassets; sourceTree = "<group>"; };
		FFC7DD01184E52E000A766B3 /* forcaVerdeTests.xctest */ = {isa = PBXFileReference; explicitFileType = wrapper.cfbundle; includeInIndex = 0; path = forcaVerdeTests.xctest; sourceTree = BUILT_PRODUCTS_DIR; };
		FFC7DD02184E52E000A766B3 /* XCTest.framework */ = {isa = PBXFileReference; lastKnownFileType = wrapper.framework; name = XCTest.framework; path = Library/Frameworks/XCTest.framework; sourceTree = DEVELOPER_DIR; };
		FFC7DD0A184E52E000A766B3 /* forcaVerdeTests-Info.plist */ = {isa = PBXFileReference; lastKnownFileType = text.plist.xml; path = "forcaVerdeTests-Info.plist"; sourceTree = "<group>"; };
		FFC7DD0C184E52E000A766B3 /* en */ = {isa = PBXFileReference; lastKnownFileType = text.plist.strings; name = en; path = en.lproj/InfoPlist.strings; sourceTree = "<group>"; };
		FFC7DD0E184E52E000A766B3 /* forcaVerdeTests.m */ = {isa = PBXFileReference; lastKnownFileType = sourcecode.c.objc; path = forcaVerdeTests.m; sourceTree = "<group>"; };
		FFC7DD18184E533400A766B3 /* MeuViewController.h */ = {isa = PBXFileReference; fileEncoding = 4; lastKnownFileType = sourcecode.c.h; path = MeuViewController.h; sourceTree = "<group>"; };
		FFC7DD19184E533400A766B3 /* MeuViewController.m */ = {isa = PBXFileReference; fileEncoding = 4; lastKnownFileType = sourcecode.c.objc; path = MeuViewController.m; sourceTree = "<group>"; };
		FFC7DD1A184E533400A766B3 /* MeuViewController.xib */ = {isa = PBXFileReference; fileEncoding = 4; lastKnownFileType = file.xib; path = MeuViewController.xib; sourceTree = "<group>"; };
		FFC7DD1D184E562C00A766B3 /* CoreLocation.framework */ = {isa = PBXFileReference; lastKnownFileType = wrapper.framework; name = CoreLocation.framework; path = System/Library/Frameworks/CoreLocation.framework; sourceTree = SDKROOT; };
/* End PBXFileReference section */

/* Begin PBXFrameworksBuildPhase section */
		FFC7DCE3184E52E000A766B3 /* Frameworks */ = {
			isa = PBXFrameworksBuildPhase;
			buildActionMask = 2147483647;
			files = (
				FFC7DCEC184E52E000A766B3 /* CoreGraphics.framework in Frameworks */,
				FFC7DCEE184E52E000A766B3 /* UIKit.framework in Frameworks */,
				FFC7DCEA184E52E000A766B3 /* Foundation.framework in Frameworks */,
				FFC7DD1E184E562C00A766B3 /* CoreLocation.framework in Frameworks */,
			);
			runOnlyForDeploymentPostprocessing = 0;
		};
		FFC7DCFE184E52E000A766B3 /* Frameworks */ = {
			isa = PBXFrameworksBuildPhase;
			buildActionMask = 2147483647;
			files = (
				FFC7DD03184E52E000A766B3 /* XCTest.framework in Frameworks */,
				FFC7DD05184E52E000A766B3 /* UIKit.framework in Frameworks */,
				FFC7DD04184E52E000A766B3 /* Foundation.framework in Frameworks */,
			);
			runOnlyForDeploymentPostprocessing = 0;
		};
/* End PBXFrameworksBuildPhase section */

/* Begin PBXGroup section */
		FFC7DCDD184E52E000A766B3 = {
			isa = PBXGroup;
			children = (
				FFC7DCEF184E52E000A766B3 /* forcaVerde */,
				FFC7DD08184E52E000A766B3 /* forcaVerdeTests */,
				FFC7DCE8184E52E000A766B3 /* Frameworks */,
				FFC7DCE7184E52E000A766B3 /* Products */,
			);
			sourceTree = "<group>";
		};
		FFC7DCE7184E52E000A766B3 /* Products */ = {
			isa = PBXGroup;
			children = (
				FFC7DCE6184E52E000A766B3 /* forcaVerde.app */,
				FFC7DD01184E52E000A766B3 /* forcaVerdeTests.xctest */,
			);
			name = Products;
			sourceTree = "<group>";
		};
		FFC7DCE8184E52E000A766B3 /* Frameworks */ = {
			isa = PBXGroup;
			children = (
				FFC7DD1D184E562C00A766B3 /* CoreLocation.framework */,
				FFC7DCE9184E52E000A766B3 /* Foundation.framework */,
				FFC7DCEB184E52E000A766B3 /* CoreGraphics.framework */,
				FFC7DCED184E52E000A766B3 /* UIKit.framework */,
				FFC7DD02184E52E000A766B3 /* XCTest.framework */,
			);
			name = Frameworks;
			sourceTree = "<group>";
		};
		FFC7DCEF184E52E000A766B3 /* forcaVerde */ = {
			isa = PBXGroup;
			children = (
				FFC7DCF8184E52E000A766B3 /* AppDelegate.h */,
				FFC7DCF9184E52E000A766B3 /* AppDelegate.m */,
				FFC7DCFB184E52E000A766B3 /* Images.xcassets */,
				FFC7DCF0184E52E000A766B3 /* Supporting Files */,
				FFC7DD18184E533400A766B3 /* MeuViewController.h */,
				FFC7DD19184E533400A766B3 /* MeuViewController.m */,
				FFC7DD1A184E533400A766B3 /* MeuViewController.xib */,
			);
			path = forcaVerde;
			sourceTree = "<group>";
		};
		FFC7DCF0184E52E000A766B3 /* Supporting Files */ = {
			isa = PBXGroup;
			children = (
				FFC7DCF1184E52E000A766B3 /* forcaVerde-Info.plist */,
				FFC7DCF2184E52E000A766B3 /* InfoPlist.strings */,
				FFC7DCF5184E52E000A766B3 /* main.m */,
				FFC7DCF7184E52E000A766B3 /* forcaVerde-Prefix.pch */,
			);
			name = "Supporting Files";
			sourceTree = "<group>";
		};
		FFC7DD08184E52E000A766B3 /* forcaVerdeTests */ = {
			isa = PBXGroup;
			children = (
				FFC7DD0E184E52E000A766B3 /* forcaVerdeTests.m */,
				FFC7DD09184E52E000A766B3 /* Supporting Files */,
			);
			path = forcaVerdeTests;
			sourceTree = "<group>";
		};
		FFC7DD09184E52E000A766B3 /* Supporting Files */ = {
			isa = PBXGroup;
			children = (
				FFC7DD0A184E52E000A766B3 /* forcaVerdeTests-Info.plist */,
				FFC7DD0B184E52E000A766B3 /* InfoPlist.strings */,
			);
			name = "Supporting Files";
			sourceTree = "<group>";
		};
/* End PBXGroup section */

/* Begin PBXNativeTarget section */
		FFC7DCE5184E52E000A766B3 /* forcaVerde */ = {
			isa = PBXNativeTarget;
			buildConfigurationList = FFC7DD12184E52E000A766B3 /* Build configuration list for PBXNativeTarget "forcaVerde" */;
			buildPhases = (
				FFC7DCE2184E52E000A766B3 /* Sources */,
				FFC7DCE3184E52E000A766B3 /* Frameworks */,
				FFC7DCE4184E52E000A766B3 /* Resources */,
			);
			buildRules = (
			);
			dependencies = (
			);
			name = forcaVerde;
			productName = forcaVerde;
			productReference = FFC7DCE6184E52E000A766B3 /* forcaVerde.app */;
			productType = "com.apple.product-type.application";
		};
		FFC7DD00184E52E000A766B3 /* forcaVerdeTests */ = {
			isa = PBXNativeTarget;
			buildConfigurationList = FFC7DD15184E52E000A766B3 /* Build configuration list for PBXNativeTarget "forcaVerdeTests" */;
			buildPhases = (
				FFC7DCFD184E52E000A766B3 /* Sources */,
				FFC7DCFE184E52E000A766B3 /* Frameworks */,
				FFC7DCFF184E52E000A766B3 /* Resources */,
			);
			buildRules = (
			);
			dependencies = (
				FFC7DD07184E52E000A766B3 /* PBXTargetDependency */,
			);
			name = forcaVerdeTests;
			productName = forcaVerdeTests;
			productReference = FFC7DD01184E52E000A766B3 /* forcaVerdeTests.xctest */;
			productType = "com.apple.product-type.bundle.unit-test";
		};
/* End PBXNativeTarget section */

/* Begin PBXProject section */
		FFC7DCDE184E52E000A766B3 /* Project object */ = {
			isa = PBXProject;
			attributes = {
				LastUpgradeCheck = 0500;
				ORGANIZATIONNAME = "Tiago Paluch";
				TargetAttributes = {
					FFC7DD00184E52E000A766B3 = {
						TestTargetID = FFC7DCE5184E52E000A766B3;
					};
				};
			};
			buildConfigurationList = FFC7DCE1184E52E000A766B3 /* Build configuration list for PBXProject "forcaVerde" */;
			compatibilityVersion = "Xcode 3.2";
			developmentRegion = English;
			hasScannedForEncodings = 0;
			knownRegions = (
				en,
			);
			mainGroup = FFC7DCDD184E52E000A766B3;
			productRefGroup = FFC7DCE7184E52E000A766B3 /* Products */;
			projectDirPath = "";
			projectRoot = "";
			targets = (
				FFC7DCE5184E52E000A766B3 /* forcaVerde */,
				FFC7DD00184E52E000A766B3 /* forcaVerdeTests */,
			);
		};
/* End PBXProject section */

/* Begin PBXResourcesBuildPhase section */
		FFC7DCE4184E52E000A766B3 /* Resources */ = {
			isa = PBXResourcesBuildPhase;
			buildActionMask = 2147483647;
			files = (
				FFC7DCF4184E52E000A766B3 /* InfoPlist.strings in Resources */,
				FFC7DD1C184E533400A766B3 /* MeuViewController.xib in Resources */,
				FFC7DCFC184E52E000A766B3 /* Images.xcassets in Resources */,
			);
			runOnlyForDeploymentPostprocessing = 0;
		};
		FFC7DCFF184E52E000A766B3 /* Resources */ = {
			isa = PBXResourcesBuildPhase;
			buildActionMask = 2147483647;
			files = (
				FFC7DD0D184E52E000A766B3 /* InfoPlist.strings in Resources */,
			);
			runOnlyForDeploymentPostprocessing = 0;
		};
/* End PBXResourcesBuildPhase section */

/* Begin PBXSourcesBuildPhase section */
		FFC7DCE2184E52E000A766B3 /* Sources */ = {
			isa = PBXSourcesBuildPhase;
			buildActionMask = 2147483647;
			files = (
				FFC7DCFA184E52E000A766B3 /* AppDelegate.m in Sources */,
				FFC7DD1B184E533400A766B3 /* MeuViewController.m in Sources */,
				FFC7DCF6184E52E000A766B3 /* main.m in Sources */,
			);
			runOnlyForDeploymentPostprocessing = 0;
		};
		FFC7DCFD184E52E000A766B3 /* Sources */ = {
			isa = PBXSourcesBuildPhase;
			buildActionMask = 2147483647;
			files = (
				FFC7DD0F184E52E000A766B3 /* forcaVerdeTests.m in Sources */,
			);
			runOnlyForDeploymentPostprocessing = 0;
		};
/* End PBXSourcesBuildPhase section */

/* Begin PBXTargetDependency section */
		FFC7DD07184E52E000A766B3 /* PBXTargetDependency */ = {
			isa = PBXTargetDependency;
			target = FFC7DCE5184E52E000A766B3 /* forcaVerde */;
			targetProxy = FFC7DD06184E52E000A766B3 /* PBXContainerItemProxy */;
		};
/* End PBXTargetDependency section */

/* Begin PBXVariantGroup section */
		FFC7DCF2184E52E000A766B3 /* InfoPlist.strings */ = {
			isa = PBXVariantGroup;
			children = (
				FFC7DCF3184E52E000A766B3 /* en */,
			);
			name = InfoPlist.strings;
			sourceTree = "<group>";
		};
		FFC7DD0B184E52E000A766B3 /* InfoPlist.strings */ = {
			isa = PBXVariantGroup;
			children = (
				FFC7DD0C184E52E000A766B3 /* en */,
			);
			name = InfoPlist.strings;
			sourceTree = "<group>";
		};
/* End PBXVariantGroup section */

/* Begin XCBuildConfiguration section */
		FFC7DD10184E52E000A766B3 /* Debug */ = {
			isa = XCBuildConfiguration;
			buildSettings = {
				ALWAYS_SEARCH_USER_PATHS = NO;
				ARCHS = "$(ARCHS_STANDARD_INCLUDING_64_BIT)";
				CLANG_CXX_LANGUAGE_STANDARD = "gnu++0x";
				CLANG_CXX_LIBRARY = "libc++";
				CLANG_ENABLE_MODULES = YES;
				CLANG_ENABLE_OBJC_ARC = YES;
				CLANG_WARN_BOOL_CONVERSION = YES;
				CLANG_WARN_CONSTANT_CONVERSION = YES;
				CLANG_WARN_DIRECT_OBJC_ISA_USAGE = YES_ERROR;
				CLANG_WARN_EMPTY_BODY = YES;
				CLANG_WARN_ENUM_CONVERSION = YES;
				CLANG_WARN_INT_CONVERSION = YES;
				CLANG_WARN_OBJC_ROOT_CLASS = YES_ERROR;
				CLANG_WARN__DUPLICATE_METHOD_MATCH = YES;
				"CODE_SIGN_IDENTITY[sdk=iphoneos*]" = "iPhone Developer";
				COPY_PHASE_STRIP = NO;
				GCC_C_LANGUAGE_STANDARD = gnu99;
				GCC_DYNAMIC_NO_PIC = NO;
				GCC_OPTIMIZATION_LEVEL = 0;
				GCC_PREPROCESSOR_DEFINITIONS = (
					"DEBUG=1",
					"$(inherited)",
				);
				GCC_SYMBOLS_PRIVATE_EXTERN = NO;
				GCC_WARN_64_TO_32_BIT_CONVERSION = YES;
				GCC_WARN_ABOUT_RETURN_TYPE = YES_ERROR;
				GCC_WARN_UNDECLARED_SELECTOR = YES;
				GCC_WARN_UNINITIALIZED_AUTOS = YES;
				GCC_WARN_UNUSED_FUNCTION = YES;
				GCC_WARN_UNUSED_VARIABLE = YES;
				IPHONEOS_DEPLOYMENT_TARGET = 7.0;
				ONLY_ACTIVE_ARCH = YES;
				SDKROOT = iphoneos;
				TARGETED_DEVICE_FAMILY = 2;
			};
			name = Debug;
		};
		FFC7DD11184E52E000A766B3 /* Release */ = {
			isa = XCBuildConfiguration;
			buildSettings = {
				ALWAYS_SEARCH_USER_PATHS = NO;
				ARCHS = "$(ARCHS_STANDARD_INCLUDING_64_BIT)";
				CLANG_CXX_LANGUAGE_STANDARD = "gnu++0x";
				CLANG_CXX_LIBRARY = "libc++";
				CLANG_ENABLE_MODULES = YES;
				CLANG_ENABLE_OBJC_ARC = YES;
				CLANG_WARN_BOOL_CONVERSION = YES;
				CLANG_WARN_CONSTANT_CONVERSION = YES;
				CLANG_WARN_DIRECT_OBJC_ISA_USAGE = YES_ERROR;
				CLANG_WARN_EMPTY_BODY = YES;
				CLANG_WARN_ENUM_CONVERSION = YES;
				CLANG_WARN_INT_CONVERSION = YES;
				CLANG_WARN_OBJC_ROOT_CLASS = YES_ERROR;
				CLANG_WARN__DUPLICATE_METHOD_MATCH = YES;
				"CODE_SIGN_IDENTITY[sdk=iphoneos*]" = "iPhone Developer";
				COPY_PHASE_STRIP = YES;
				ENABLE_NS_ASSERTIONS = NO;
				GCC_C_LANGUAGE_STANDARD = gnu99;
				GCC_WARN_64_TO_32_BIT_CONVERSION = YES;
				GCC_WARN_ABOUT_RETURN_TYPE = YES_ERROR;
				GCC_WARN_UNDECLARED_SELECTOR = YES;
				GCC_WARN_UNINITIALIZED_AUTOS = YES;
				GCC_WARN_UNUSED_FUNCTION = YES;
				GCC_WARN_UNUSED_VARIABLE = YES;
				IPHONEOS_DEPLOYMENT_TARGET = 7.0;
				SDKROOT = iphoneos;
				TARGETED_DEVICE_FAMILY = 2;
				VALIDATE_PRODUCT = YES;
			};
			name = Release;
		};
		FFC7DD13184E52E000A766B3 /* Debug */ = {
			isa = XCBuildConfiguration;
			buildSettings = {
				ASSETCATALOG_COMPILER_APPICON_NAME = AppIcon;
				ASSETCATALOG_COMPILER_LAUNCHIMAGE_NAME = LaunchImage;
				GCC_PRECOMPILE_PREFIX_HEADER = YES;
				GCC_PREFIX_HEADER = "forcaVerde/forcaVerde-Prefix.pch";
				INFOPLIST_FILE = "forcaVerde/forcaVerde-Info.plist";
				PRODUCT_NAME = "$(TARGET_NAME)";
				WRAPPER_EXTENSION = app;
			};
			name = Debug;
		};
		FFC7DD14184E52E000A766B3 /* Release */ = {
			isa = XCBuildConfiguration;
			buildSettings = {
				ASSETCATALOG_COMPILER_APPICON_NAME = AppIcon;
				ASSETCATALOG_COMPILER_LAUNCHIMAGE_NAME = LaunchImage;
				GCC_PRECOMPILE_PREFIX_HEADER = YES;
				GCC_PREFIX_HEADER = "forcaVerde/forcaVerde-Prefix.pch";
				INFOPLIST_FILE = "forcaVerde/forcaVerde-Info.plist";
				PRODUCT_NAME = "$(TARGET_NAME)";
				WRAPPER_EXTENSION = app;
			};
			name = Release;
		};
		FFC7DD16184E52E000A766B3 /* Debug */ = {
			isa = XCBuildConfiguration;
			buildSettings = {
				ARCHS = "$(ARCHS_STANDARD_INCLUDING_64_BIT)";
				BUNDLE_LOADER = "$(BUILT_PRODUCTS_DIR)/forcaVerde.app/forcaVerde";
				FRAMEWORK_SEARCH_PATHS = (
					"$(SDKROOT)/Developer/Library/Frameworks",
					"$(inherited)",
					"$(DEVELOPER_FRAMEWORKS_DIR)",
				);
				GCC_PRECOMPILE_PREFIX_HEADER = YES;
				GCC_PREFIX_HEADER = "forcaVerde/forcaVerde-Prefix.pch";
				GCC_PREPROCESSOR_DEFINITIONS = (
					"DEBUG=1",
					"$(inherited)",
				);
				INFOPLIST_FILE = "forcaVerdeTests/forcaVerdeTests-Info.plist";
				PRODUCT_NAME = "$(TARGET_NAME)";
				TEST_HOST = "$(BUNDLE_LOADER)";
				WRAPPER_EXTENSION = xctest;
			};
			name = Debug;
		};
		FFC7DD17184E52E000A766B3 /* Release */ = {
			isa = XCBuildConfiguration;
			buildSettings = {
				ARCHS = "$(ARCHS_STANDARD_INCLUDING_64_BIT)";
				BUNDLE_LOADER = "$(BUILT_PRODUCTS_DIR)/forcaVerde.app/forcaVerde";
				FRAMEWORK_SEARCH_PATHS = (
					"$(SDKROOT)/Developer/Library/Frameworks",
					"$(inherited)",
					"$(DEVELOPER_FRAMEWORKS_DIR)",
				);
				GCC_PRECOMPILE_PREFIX_HEADER = YES;
				GCC_PREFIX_HEADER = "forcaVerde/forcaVerde-Prefix.pch";
				INFOPLIST_FILE = "forcaVerdeTests/forcaVerdeTests-Info.plist";
				PRODUCT_NAME = "$(TARGET_NAME)";
				TEST_HOST = "$(BUNDLE_LOADER)";
				WRAPPER_EXTENSION = xctest;
			};
			name = Release;
		};
/* End XCBuildConfiguration section */

/* Begin XCConfigurationList section */
		FFC7DCE1184E52E000A766B3 /* Build configuration list for PBXProject "forcaVerde" */ = {
			isa = XCConfigurationList;
			buildConfigurations = (
				FFC7DD10184E52E000A766B3 /* Debug */,
				FFC7DD11184E52E000A766B3 /* Release */,
			);
			defaultConfigurationIsVisible = 0;
			defaultConfigurationName = Release;
		};
		FFC7DD12184E52E000A766B3 /* Build configuration list for PBXNativeTarget "forcaVerde" */ = {
			isa = XCConfigurationList;
			buildConfigurations = (
				FFC7DD13184E52E000A766B3 /* Debug */,
				FFC7DD14184E52E000A766B3 /* Release */,
			);
			defaultConfigurationIsVisible = 0;
		};
		FFC7DD15184E52E000A766B3 /* Build configuration list for PBXNativeTarget "forcaVerdeTests" */ = {
			isa = XCConfigurationList;
			buildConfigurations = (
				FFC7DD16184E52E000A766B3 /* Debug */,
				FFC7DD17184E52E000A766B3 /* Release */,
			);
			defaultConfigurationIsVisible = 0;
		};
/* End XCConfigurationList section */
	};
	rootObject = FFC7DCDE184E52E000A766B3 /* Project object */;
}
