// !$*UTF8*$!
{
	archiveVersion = 1;
	classes = {
	};
	objectVersion = 46;
	objects = {

/* Begin PBXBuildFile section */
		EA4E7912185677F200C2B619 /* MaisInfoPolViewController.m in Sources */ = {isa = PBXBuildFile; fileRef = EA4E7910185677F200C2B619 /* MaisInfoPolViewController.m */; };
		EA4E7913185677F200C2B619 /* MaisInfoPolViewController.xib in Resources */ = {isa = PBXBuildFile; fileRef = EA4E7911185677F200C2B619 /* MaisInfoPolViewController.xib */; };
		EA4E79161856813E00C2B619 /* PoliciaMilitar.m in Sources */ = {isa = PBXBuildFile; fileRef = EA4E79151856813E00C2B619 /* PoliciaMilitar.m */; };
		EA4E7919185682FE00C2B619 /* GPoliciaMilitar.m in Sources */ = {isa = PBXBuildFile; fileRef = EA4E7918185682FE00C2B619 /* GPoliciaMilitar.m */; };
		EA4E791D185687EC00C2B619 /* infoPol.m in Sources */ = {isa = PBXBuildFile; fileRef = EA4E791B185687EC00C2B619 /* infoPol.m */; };
		EA4E791E185687EC00C2B619 /* infoPol.xib in Resources */ = {isa = PBXBuildFile; fileRef = EA4E791C185687EC00C2B619 /* infoPol.xib */; };
		EA5135BE184EAF0000AC3069 /* PagIniViewController.m in Sources */ = {isa = PBXBuildFile; fileRef = EA5135BC184EAF0000AC3069 /* PagIniViewController.m */; };
		EA5135BF184EAF0000AC3069 /* PagIniViewController.xib in Resources */ = {isa = PBXBuildFile; fileRef = EA5135BD184EAF0000AC3069 /* PagIniViewController.xib */; };
		EA5135C3184EB0A900AC3069 /* SelectTipoCrime.m in Sources */ = {isa = PBXBuildFile; fileRef = EA5135C1184EB0A900AC3069 /* SelectTipoCrime.m */; };
		EA5135C4184EB0A900AC3069 /* SelectTipoCrime.xib in Resources */ = {isa = PBXBuildFile; fileRef = EA5135C2184EB0A900AC3069 /* SelectTipoCrime.xib */; };
		EA66B7E4185141850089EE54 /* infoCrimes.xib in Resources */ = {isa = PBXBuildFile; fileRef = EA66B7E3185141850089EE54 /* infoCrimes.xib */; };
		EA66B7E7185144470089EE54 /* infoCrimes.m in Sources */ = {isa = PBXBuildFile; fileRef = EA66B7E6185144470089EE54 /* infoCrimes.m */; };
		EA66B7EA18514CBC0089EE54 /* filhotes.jpg in Resources */ = {isa = PBXBuildFile; fileRef = EA66B7E918514CBC0089EE54 /* filhotes.jpg */; };
		EA7EF0A318578A5500875056 /* jaguatirica-e1358515997707.jpg in Resources */ = {isa = PBXBuildFile; fileRef = EA7EF0A218578A5500875056 /* jaguatirica-e1358515997707.jpg */; };
		EA96EFA9185108C3000FF126 /* CrimesAmbientais.m in Sources */ = {isa = PBXBuildFile; fileRef = EA96EFA8185108C3000FF126 /* CrimesAmbientais.m */; };
		EA96EFAD18510984000FF126 /* GCrimesAmbientais.m in Sources */ = {isa = PBXBuildFile; fileRef = EA96EFAC18510984000FF126 /* GCrimesAmbientais.m */; };
		EA96EFB118510F40000FF126 /* TiposCrimes.m in Sources */ = {isa = PBXBuildFile; fileRef = EA96EFAF18510F40000FF126 /* TiposCrimes.m */; };
		EA96EFB218510F40000FF126 /* TiposCrimes.xib in Resources */ = {isa = PBXBuildFile; fileRef = EA96EFB018510F40000FF126 /* TiposCrimes.xib */; };
		FF19A0BA18579B44006B59A6 /* MapKit.framework in Frameworks */ = {isa = PBXBuildFile; fileRef = FF19A0B918579B44006B59A6 /* MapKit.framework */; };
		FF19A0BD18579EB5006B59A6 /* Anotacao.m in Sources */ = {isa = PBXBuildFile; fileRef = FF19A0BC18579EB5006B59A6 /* Anotacao.m */; };
		FF26A6281850EB24005A5472 /* MessageUI.framework in Frameworks */ = {isa = PBXBuildFile; fileRef = FF26A6271850EB24005A5472 /* MessageUI.framework */; };
		FFC7DCEA184E52E000A766B3 /* Foundation.framework in Frameworks */ = {isa = PBXBuildFile; fileRef = FFC7DCE9184E52E000A766B3 /* Foundation.framework */; };
		FFC7DCEC184E52E000A766B3 /* CoreGraphics.framework in Frameworks */ = {isa = PBXBuildFile; fileRef = FFC7DCEB184E52E000A766B3 /* CoreGraphics.framework */; };
		FFC7DCEE184E52E000A766B3 /* UIKit.framework in Frameworks */ = {isa = PBXBuildFile; fileRef = FFC7DCED184E52E000A766B3 /* UIKit.framework */; };
		FFC7DCF4184E52E000A766B3 /* InfoPlist.strings in Resources */ = {isa = PBXBuildFile; fileRef = FFC7DCF2184E52E000A766B3 /* InfoPlist.strings */; };
		FFC7DCF6184E52E000A766B3 /* main.m in Sources */ = {isa = PBXBuildFile; fileRef = FFC7DCF5184E52E000A766B3 /* main.m */; };
		FFC7DCFA184E52E000A766B3 /* AppDelegate.m in Sources */ = {isa = PBXBuildFile; fileRef = FFC7DCF9184E52E000A766B3 /* AppDelegate.m */; };
		FFC7DCFC184E52E000A766B3 /* Images.xcassets in Resources */ = {isa = PBXBuildFile; fileRef = FFC7DCFB184E52E000A766B3 /* Images.xcassets */; };
		FFC7DD03184E52E000A766B3 /* XCTest.framework in Frameworks */ = {isa = PBXBuildFile; fileRef = FFC7DD02184E52E000A766B3 /* XCTest.framework */; };
		FFC7DD04184E52E000A766B3 /* Foundation.framework in Frameworks */ = {isa = PBXBuildFile; fileRef = FFC7DCE9184E52E000A766B3 /* Foundation.framework */; };
		FFC7DD05184E52E000A766B3 /* UIKit.framework in Frameworks */ = {isa = PBXBuildFile; fileRef = FFC7DCED184E52E000A766B3 /* UIKit.framework */; };
		FFC7DD0D184E52E000A766B3 /* InfoPlist.strings in Resources */ = {isa = PBXBuildFile; fileRef = FFC7DD0B184E52E000A766B3 /* InfoPlist.strings */; };
		FFC7DD0F184E52E000A766B3 /* forcaVerdeTests.m in Sources */ = {isa = PBXBuildFile; fileRef = FFC7DD0E184E52E000A766B3 /* forcaVerdeTests.m */; };
		FFC7DD1B184E533400A766B3 /* MeuViewController.m in Sources */ = {isa = PBXBuildFile; fileRef = FFC7DD19184E533400A766B3 /* MeuViewController.m */; };
		FFC7DD1C184E533400A766B3 /* MeuViewController.xib in Resources */ = {isa = PBXBuildFile; fileRef = FFC7DD1A184E533400A766B3 /* MeuViewController.xib */; };
		FFC7DD1E184E562C00A766B3 /* CoreLocation.framework in Frameworks */ = {isa = PBXBuildFile; fileRef = FFC7DD1D184E562C00A766B3 /* CoreLocation.framework */; };
		FFDB3309185A34FB00764D78 /* denuncia.m in Sources */ = {isa = PBXBuildFile; fileRef = FFDB3308185A34FB00764D78 /* denuncia.m */; };
		FFDB330B185A3F1700764D78 /* libsqlite3.dylib in Frameworks */ = {isa = PBXBuildFile; fileRef = FFDB330A185A3F1700764D78 /* libsqlite3.dylib */; };
		FFDB330E185A3FF000764D78 /* banco.m in Sources */ = {isa = PBXBuildFile; fileRef = FFDB330D185A3FF000764D78 /* banco.m */; };
		FFDEB6C118578217002AA22A /* BPFlo_PMPR.PNG in Resources */ = {isa = PBXBuildFile; fileRef = FFDEB6C018578217002AA22A /* BPFlo_PMPR.PNG */; };
/* End PBXBuildFile section */

/* Begin PBXContainerItemProxy section */
		FFC7DD06184E52E000A766B3 /* PBXContainerItemProxy */ = {
			isa = PBXContainerItemProxy;
			containerPortal = FFC7DCDE184E52E000A766B3 /* Project object */;
			proxyType = 1;
			remoteGlobalIDString = FFC7DCE5184E52E000A766B3;
			remoteInfo = forcaVerde;
		};
/* End PBXContainerItemProxy section */

/* Begin PBXFileReference section */
		EA4E790F185677F200C2B619 /* MaisInfoPolViewController.h */ = {isa = PBXFileReference; fileEncoding = 4; lastKnownFileType = sourcecode.c.h; path = MaisInfoPolViewController.h; sourceTree = "<group>"; };
		EA4E7910185677F200C2B619 /* MaisInfoPolViewController.m */ = {isa = PBXFileReference; fileEncoding = 4; lastKnownFileType = sourcecode.c.objc; path = MaisInfoPolViewController.m; sourceTree = "<group>"; };
		EA4E7911185677F200C2B619 /* MaisInfoPolViewController.xib */ = {isa = PBXFileReference; fileEncoding = 4; lastKnownFileType = file.xib; path = MaisInfoPolViewController.xib; sourceTree = "<group>"; };
		EA4E79141856813E00C2B619 /* PoliciaMilitar.h */ = {isa = PBXFileReference; fileEncoding = 4; lastKnownFileType = sourcecode.c.h; path = PoliciaMilitar.h; sourceTree = "<group>"; };
		EA4E79151856813E00C2B619 /* PoliciaMilitar.m */ = {isa = PBXFileReference; fileEncoding = 4; lastKnownFileType = sourcecode.c.objc; path = PoliciaMilitar.m; sourceTree = "<group>"; };
		EA4E7917185682FE00C2B619 /* GPoliciaMilitar.h */ = {isa = PBXFileReference; fileEncoding = 4; lastKnownFileType = sourcecode.c.h; path = GPoliciaMilitar.h; sourceTree = "<group>"; };
		EA4E7918185682FE00C2B619 /* GPoliciaMilitar.m */ = {isa = PBXFileReference; fileEncoding = 4; lastKnownFileType = sourcecode.c.objc; path = GPoliciaMilitar.m; sourceTree = "<group>"; };
		EA4E791A185687EC00C2B619 /* infoPol.h */ = {isa = PBXFileReference; fileEncoding = 4; lastKnownFileType = sourcecode.c.h; path = infoPol.h; sourceTree = "<group>"; };
		EA4E791B185687EC00C2B619 /* infoPol.m */ = {isa = PBXFileReference; fileEncoding = 4; lastKnownFileType = sourcecode.c.objc; path = infoPol.m; sourceTree = "<group>"; };
		EA4E791C185687EC00C2B619 /* infoPol.xib */ = {isa = PBXFileReference; fileEncoding = 4; lastKnownFileType = file.xib; path = infoPol.xib; sourceTree = "<group>"; };
		EA5135BB184EAF0000AC3069 /* PagIniViewController.h */ = {isa = PBXFileReference; fileEncoding = 4; lastKnownFileType = sourcecode.c.h; path = PagIniViewController.h; sourceTree = "<group>"; };
		EA5135BC184EAF0000AC3069 /* PagIniViewController.m */ = {isa = PBXFileReference; fileEncoding = 4; lastKnownFileType = sourcecode.c.objc; path = PagIniViewController.m; sourceTree = "<group>"; };
		EA5135BD184EAF0000AC3069 /* PagIniViewController.xib */ = {isa = PBXFileReference; fileEncoding = 4; lastKnownFileType = file.xib; path = PagIniViewController.xib; sourceTree = "<group>"; };
		EA5135C0184EB0A900AC3069 /* SelectTipoCrime.h */ = {isa = PBXFileReference; fileEncoding = 4; lastKnownFileType = sourcecode.c.h; path = SelectTipoCrime.h; sourceTree = "<group>"; };
		EA5135C1184EB0A900AC3069 /* SelectTipoCrime.m */ = {isa = PBXFileReference; fileEncoding = 4; lastKnownFileType = sourcecode.c.objc; path = SelectTipoCrime.m; sourceTree = "<group>"; };
		EA5135C2184EB0A900AC3069 /* SelectTipoCrime.xib */ = {isa = PBXFileReference; fileEncoding = 4; lastKnownFileType = file.xib; path = SelectTipoCrime.xib; sourceTree = "<group>"; };
		EA66B7E3185141850089EE54 /* infoCrimes.xib */ = {isa = PBXFileReference; fileEncoding = 4; lastKnownFileType = file.xib; path = infoCrimes.xib; sourceTree = "<group>"; };
		EA66B7E5185144470089EE54 /* infoCrimes.h */ = {isa = PBXFileReference; fileEncoding = 4; lastKnownFileType = sourcecode.c.h; path = infoCrimes.h; sourceTree = "<group>"; };
		EA66B7E6185144470089EE54 /* infoCrimes.m */ = {isa = PBXFileReference; fileEncoding = 4; lastKnownFileType = sourcecode.c.objc; path = infoCrimes.m; sourceTree = "<group>"; };
		EA66B7E918514CBC0089EE54 /* filhotes.jpg */ = {isa = PBXFileReference; lastKnownFileType = image.jpeg; path = filhotes.jpg; sourceTree = "<group>"; };
		EA7EF0A218578A5500875056 /* jaguatirica-e1358515997707.jpg */ = {isa = PBXFileReference; lastKnownFileType = image.jpeg; path = "jaguatirica-e1358515997707.jpg"; sourceTree = "<group>"; };
		EA96EFA7185108C3000FF126 /* CrimesAmbientais.h */ = {isa = PBXFileReference; fileEncoding = 4; lastKnownFileType = sourcecode.c.h; name = CrimesAmbientais.h; path = forcaVerde/CrimesAmbientais.h; sourceTree = "<group>"; };
		EA96EFA8185108C3000FF126 /* CrimesAmbientais.m */ = {isa = PBXFileReference; fileEncoding = 4; lastKnownFileType = sourcecode.c.objc; name = CrimesAmbientais.m; path = forcaVerde/CrimesAmbientais.m; sourceTree = "<group>"; };
		EA96EFAB18510984000FF126 /* GCrimesAmbientais.h */ = {isa = PBXFileReference; fileEncoding = 4; lastKnownFileType = sourcecode.c.h; path = GCrimesAmbientais.h; sourceTree = "<group>"; };
		EA96EFAC18510984000FF126 /* GCrimesAmbientais.m */ = {isa = PBXFileReference; fileEncoding = 4; lastKnownFileType = sourcecode.c.objc; path = GCrimesAmbientais.m; sourceTree = "<group>"; };
		EA96EFAE18510F40000FF126 /* TiposCrimes.h */ = {isa = PBXFileReference; fileEncoding = 4; lastKnownFileType = sourcecode.c.h; path = TiposCrimes.h; sourceTree = "<group>"; };
		EA96EFAF18510F40000FF126 /* TiposCrimes.m */ = {isa = PBXFileReference; fileEncoding = 4; lastKnownFileType = sourcecode.c.objc; path = TiposCrimes.m; sourceTree = "<group>"; };
		EA96EFB018510F40000FF126 /* TiposCrimes.xib */ = {isa = PBXFileReference; fileEncoding = 4; lastKnownFileType = file.xib; path = TiposCrimes.xib; sourceTree = "<group>"; };
		FF19A0B918579B44006B59A6 /* MapKit.framework */ = {isa = PBXFileReference; lastKnownFileType = wrapper.framework; name = MapKit.framework; path = System/Library/Frameworks/MapKit.framework; sourceTree = SDKROOT; };
		FF19A0BB18579EB5006B59A6 /* Anotacao.h */ = {isa = PBXFileReference; fileEncoding = 4; lastKnownFileType = sourcecode.c.h; path = Anotacao.h; sourceTree = "<group>"; };
		FF19A0BC18579EB5006B59A6 /* Anotacao.m */ = {isa = PBXFileReference; fileEncoding = 4; lastKnownFileType = sourcecode.c.objc; path = Anotacao.m; sourceTree = "<group>"; };
		FF26A6271850EB24005A5472 /* MessageUI.framework */ = {isa = PBXFileReference; lastKnownFileType = wrapper.framework; name = MessageUI.framework; path = System/Library/Frameworks/MessageUI.framework; sourceTree = SDKROOT; };
		FFC7DCE6184E52E000A766B3 /* forcaVerde.app */ = {isa = PBXFileReference; explicitFileType = wrapper.application; includeInIndex = 0; path = forcaVerde.app; sourceTree = BUILT_PRODUCTS_DIR; };
		FFC7DCE9184E52E000A766B3 /* Foundation.framework */ = {isa = PBXFileReference; lastKnownFileType = wrapper.framework; name = Foundation.framework; path = System/Library/Frameworks/Foundation.framework; sourceTree = SDKROOT; };
		FFC7DCEB184E52E000A766B3 /* CoreGraphics.framework */ = {isa = PBXFileReference; lastKnownFileType = wrapper.framework; name = CoreGraphics.framework; path = System/Library/Frameworks/CoreGraphics.framework; sourceTree = SDKROOT; };
		FFC7DCED184E52E000A766B3 /* UIKit.framework */ = {isa = PBXFileReference; lastKnownFileType = wrapper.framework; name = UIKit.framework; path = System/Library/Frameworks/UIKit.framework; sourceTree = SDKROOT; };
		FFC7DCF1184E52E000A766B3 /* forcaVerde-Info.plist */ = {isa = PBXFileReference; lastKnownFileType = text.plist.xml; path = "forcaVerde-Info.plist"; sourceTree = "<group>"; };
		FFC7DCF3184E52E000A766B3 /* en */ = {isa = PBXFileReference; lastKnownFileType = text.plist.strings; name = en; path = en.lproj/InfoPlist.strings; sourceTree = "<group>"; };
		FFC7DCF5184E52E000A766B3 /* main.m */ = {isa = PBXFileReference; lastKnownFileType = sourcecode.c.objc; path = main.m; sourceTree = "<group>"; };
		FFC7DCF7184E52E000A766B3 /* forcaVerde-Prefix.pch */ = {isa = PBXFileReference; lastKnownFileType = sourcecode.c.h; path = "forcaVerde-Prefix.pch"; sourceTree = "<group>"; };
		FFC7DCF8184E52E000A766B3 /* AppDelegate.h */ = {isa = PBXFileReference; lastKnownFileType = sourcecode.c.h; path = AppDelegate.h; sourceTree = "<group>"; };
		FFC7DCF9184E52E000A766B3 /* AppDelegate.m */ = {isa = PBXFileReference; lastKnownFileType = sourcecode.c.objc; path = AppDelegate.m; sourceTree = "<group>"; };
		FFC7DCFB184E52E000A766B3 /* Images.xcassets */ = {isa = PBXFileReference; lastKnownFileType = folder.assetcatalog; path = Images.xcassets; sourceTree = "<group>"; };
		FFC7DD01184E52E000A766B3 /* forcaVerdeTests.xctest */ = {isa = PBXFileReference; explicitFileType = wrapper.cfbundle; includeInIndex = 0; path = forcaVerdeTests.xctest; sourceTree = BUILT_PRODUCTS_DIR; };
		FFC7DD02184E52E000A766B3 /* XCTest.framework */ = {isa = PBXFileReference; lastKnownFileType = wrapper.framework; name = XCTest.framework; path = Library/Frameworks/XCTest.framework; sourceTree = DEVELOPER_DIR; };
		FFC7DD0A184E52E000A766B3 /* forcaVerdeTests-Info.plist */ = {isa = PBXFileReference; lastKnownFileType = text.plist.xml; path = "forcaVerdeTests-Info.plist"; sourceTree = "<group>"; };
		FFC7DD0C184E52E000A766B3 /* en */ = {isa = PBXFileReference; lastKnownFileType = text.plist.strings; name = en; path = en.lproj/InfoPlist.strings; sourceTree = "<group>"; };
		FFC7DD0E184E52E000A766B3 /* forcaVerdeTests.m */ = {isa = PBXFileReference; lastKnownFileType = sourcecode.c.objc; path = forcaVerdeTests.m; sourceTree = "<group>"; };
		FFC7DD18184E533400A766B3 /* MeuViewController.h */ = {isa = PBXFileReference; fileEncoding = 4; lastKnownFileType = sourcecode.c.h; path = MeuViewController.h; sourceTree = "<group>"; };
		FFC7DD19184E533400A766B3 /* MeuViewController.m */ = {isa = PBXFileReference; fileEncoding = 4; lastKnownFileType = sourcecode.c.objc; path = MeuViewController.m; sourceTree = "<group>"; };
		FFC7DD1A184E533400A766B3 /* MeuViewController.xib */ = {isa = PBXFileReference; fileEncoding = 4; lastKnownFileType = file.xib; path = MeuViewController.xib; sourceTree = "<group>"; };
		FFC7DD1D184E562C00A766B3 /* CoreLocation.framework */ = {isa = PBXFileReference; lastKnownFileType = wrapper.framework; name = CoreLocation.framework; path = System/Library/Frameworks/CoreLocation.framework; sourceTree = SDKROOT; };
		FFDB3304185A1E8F00764D78 /* CoreData.framework */ = {isa = PBXFileReference; lastKnownFileType = wrapper.framework; name = CoreData.framework; path = System/Library/Frameworks/CoreData.framework; sourceTree = SDKROOT; };
		FFDB3307185A34FB00764D78 /* denuncia.h */ = {isa = PBXFileReference; fileEncoding = 4; lastKnownFileType = sourcecode.c.h; path = denuncia.h; sourceTree = "<group>"; };
		FFDB3308185A34FB00764D78 /* denuncia.m */ = {isa = PBXFileReference; fileEncoding = 4; lastKnownFileType = sourcecode.c.objc; path = denuncia.m; sourceTree = "<group>"; };
		FFDB330A185A3F1700764D78 /* libsqlite3.dylib */ = {isa = PBXFileReference; lastKnownFileType = "compiled.mach-o.dylib"; name = libsqlite3.dylib; path = usr/lib/libsqlite3.dylib; sourceTree = SDKROOT; };
		FFDB330C185A3FF000764D78 /* banco.h */ = {isa = PBXFileReference; fileEncoding = 4; lastKnownFileType = sourcecode.c.h; path = banco.h; sourceTree = "<group>"; };
		FFDB330D185A3FF000764D78 /* banco.m */ = {isa = PBXFileReference; fileEncoding = 4; lastKnownFileType = sourcecode.c.objc; path = banco.m; sourceTree = "<group>"; };
		FFDEB6C018578217002AA22A /* BPFlo_PMPR.PNG */ = {isa = PBXFileReference; lastKnownFileType = image.png; path = BPFlo_PMPR.PNG; sourceTree = "<group>"; };
/* End PBXFileReference section */

/* Begin PBXFrameworksBuildPhase section */
		FFC7DCE3184E52E000A766B3 /* Frameworks */ = {
			isa = PBXFrameworksBuildPhase;
			buildActionMask = 2147483647;
			files = (
				FFDB330B185A3F1700764D78 /* libsqlite3.dylib in Frameworks */,
				FF19A0BA18579B44006B59A6 /* MapKit.framework in Frameworks */,
				FFC7DCEC184E52E000A766B3 /* CoreGraphics.framework in Frameworks */,
				FFC7DCEE184E52E000A766B3 /* UIKit.framework in Frameworks */,
				FFC7DCEA184E52E000A766B3 /* Foundation.framework in Frameworks */,
				FFC7DD1E184E562C00A766B3 /* CoreLocation.framework in Frameworks */,
				FF26A6281850EB24005A5472 /* MessageUI.framework in Frameworks */,
			);
			runOnlyForDeploymentPostprocessing = 0;
		};
		FFC7DCFE184E52E000A766B3 /* Frameworks */ = {
			isa = PBXFrameworksBuildPhase;
			buildActionMask = 2147483647;
			files = (
				FFC7DD03184E52E000A766B3 /* XCTest.framework in Frameworks */,
				FFC7DD05184E52E000A766B3 /* UIKit.framework in Frameworks */,
				FFC7DD04184E52E000A766B3 /* Foundation.framework in Frameworks */,
			);
			runOnlyForDeploymentPostprocessing = 0;
		};
/* End PBXFrameworksBuildPhase section */

/* Begin PBXGroup section */
		EA66B7E818514C550089EE54 /* imagens */ = {
			isa = PBXGroup;
			children = (
				EA7EF0A218578A5500875056 /* jaguatirica-e1358515997707.jpg */,
				FFDEB6C018578217002AA22A /* BPFlo_PMPR.PNG */,
				EA66B7E918514CBC0089EE54 /* filhotes.jpg */,
			);
			name = imagens;
			sourceTree = "<group>";
		};
		EA96EFAA185108C7000FF126 /* modelos */ = {
			isa = PBXGroup;
			children = (
				EA96EFA7185108C3000FF126 /* CrimesAmbientais.h */,
				EA96EFA8185108C3000FF126 /* CrimesAmbientais.m */,
				EA96EFAB18510984000FF126 /* GCrimesAmbientais.h */,
				EA96EFAC18510984000FF126 /* GCrimesAmbientais.m */,
				EA4E79141856813E00C2B619 /* PoliciaMilitar.h */,
				EA4E79151856813E00C2B619 /* PoliciaMilitar.m */,
				EA4E7917185682FE00C2B619 /* GPoliciaMilitar.h */,
				EA4E7918185682FE00C2B619 /* GPoliciaMilitar.m */,
			);
			name = modelos;
			path = ..;
			sourceTree = "<group>";
		};
		FF7CF2F9185A505700F0144D /* tiraFoto */ = {
			isa = PBXGroup;
			children = (
				FF19A0BB18579EB5006B59A6 /* Anotacao.h */,
				FF19A0BC18579EB5006B59A6 /* Anotacao.m */,
				FFC7DD18184E533400A766B3 /* MeuViewController.h */,
				FFC7DD19184E533400A766B3 /* MeuViewController.m */,
				FFC7DD1A184E533400A766B3 /* MeuViewController.xib */,
			);
			name = tiraFoto;
			sourceTree = "<group>";
		};
		FFC7DCDD184E52E000A766B3 = {
			isa = PBXGroup;
			children = (
				EA66B7E818514C550089EE54 /* imagens */,
				FFC7DCEF184E52E000A766B3 /* forcaVerde */,
				FFC7DD08184E52E000A766B3 /* forcaVerdeTests */,
				FFC7DCE8184E52E000A766B3 /* Frameworks */,
				FFC7DCE7184E52E000A766B3 /* Products */,
			);
			sourceTree = "<group>";
		};
		FFC7DCE7184E52E000A766B3 /* Products */ = {
			isa = PBXGroup;
			children = (
				FFC7DCE6184E52E000A766B3 /* forcaVerde.app */,
				FFC7DD01184E52E000A766B3 /* forcaVerdeTests.xctest */,
			);
			name = Products;
			sourceTree = "<group>";
		};
		FFC7DCE8184E52E000A766B3 /* Frameworks */ = {
			isa = PBXGroup;
			children = (
				FFDB330A185A3F1700764D78 /* libsqlite3.dylib */,
				FFDB3304185A1E8F00764D78 /* CoreData.framework */,
				FF19A0B918579B44006B59A6 /* MapKit.framework */,
				FF26A6271850EB24005A5472 /* MessageUI.framework */,
				FFC7DD1D184E562C00A766B3 /* CoreLocation.framework */,
				FFC7DCE9184E52E000A766B3 /* Foundation.framework */,
				FFC7DCEB184E52E000A766B3 /* CoreGraphics.framework */,
				FFC7DCED184E52E000A766B3 /* UIKit.framework */,
				FFC7DD02184E52E000A766B3 /* XCTest.framework */,
			);
			name = Frameworks;
			sourceTree = "<group>";
		};
		FFC7DCEF184E52E000A766B3 /* forcaVerde */ = {
			isa = PBXGroup;
			children = (
				FFDB3306185A34A000764D78 /* ModelSqlLite */,
				FFC7DCF8184E52E000A766B3 /* AppDelegate.h */,
				FFC7DCF9184E52E000A766B3 /* AppDelegate.m */,
				FFC7DCFB184E52E000A766B3 /* Images.xcassets */,
				FFC7DCF0184E52E000A766B3 /* Supporting Files */,
				EA5135BB184EAF0000AC3069 /* PagIniViewController.h */,
				EA5135BC184EAF0000AC3069 /* PagIniViewController.m */,
				EA5135BD184EAF0000AC3069 /* PagIniViewController.xib */,
				EA5135C0184EB0A900AC3069 /* SelectTipoCrime.h */,
				EA5135C1184EB0A900AC3069 /* SelectTipoCrime.m */,
				EA5135C2184EB0A900AC3069 /* SelectTipoCrime.xib */,
				FF7CF2F9185A505700F0144D /* tiraFoto */,
				EA96EFAE18510F40000FF126 /* TiposCrimes.h */,
				EA96EFAF18510F40000FF126 /* TiposCrimes.m */,
				EA96EFB018510F40000FF126 /* TiposCrimes.xib */,
				EA66B7E5185144470089EE54 /* infoCrimes.h */,
				EA66B7E6185144470089EE54 /* infoCrimes.m */,
				EA66B7E3185141850089EE54 /* infoCrimes.xib */,
				EA4E790F185677F200C2B619 /* MaisInfoPolViewController.h */,
				EA4E7910185677F200C2B619 /* MaisInfoPolViewController.m */,
				EA4E7911185677F200C2B619 /* MaisInfoPolViewController.xib */,
				EA4E791A185687EC00C2B619 /* infoPol.h */,
				EA4E791B185687EC00C2B619 /* infoPol.m */,
				EA4E791C185687EC00C2B619 /* infoPol.xib */,
				EA96EFAA185108C7000FF126 /* modelos */,
			);
			path = forcaVerde;
			sourceTree = "<group>";
		};
		FFC7DCF0184E52E000A766B3 /* Supporting Files */ = {
			isa = PBXGroup;
			children = (
				FFC7DCF1184E52E000A766B3 /* forcaVerde-Info.plist */,
				FFC7DCF2184E52E000A766B3 /* InfoPlist.strings */,
				FFC7DCF5184E52E000A766B3 /* main.m */,
				FFC7DCF7184E52E000A766B3 /* forcaVerde-Prefix.pch */,
			);
			name = "Supporting Files";
			sourceTree = "<group>";
		};
		FFC7DD08184E52E000A766B3 /* forcaVerdeTests */ = {
			isa = PBXGroup;
			children = (
				FFC7DD0E184E52E000A766B3 /* forcaVerdeTests.m */,
				FFC7DD09184E52E000A766B3 /* Supporting Files */,
			);
			path = forcaVerdeTests;
			sourceTree = "<group>";
		};
		FFC7DD09184E52E000A766B3 /* Supporting Files */ = {
			isa = PBXGroup;
			children = (
				FFC7DD0A184E52E000A766B3 /* forcaVerdeTests-Info.plist */,
				FFC7DD0B184E52E000A766B3 /* InfoPlist.strings */,
			);
			name = "Supporting Files";
			sourceTree = "<group>";
		};
		FFDB3306185A34A000764D78 /* ModelSqlLite */ = {
			isa = PBXGroup;
			children = (
				FFDB3307185A34FB00764D78 /* denuncia.h */,
				FFDB3308185A34FB00764D78 /* denuncia.m */,
				FFDB330C185A3FF000764D78 /* banco.h */,
				FFDB330D185A3FF000764D78 /* banco.m */,
			);
			name = ModelSqlLite;
			sourceTree = "<group>";
		};
/* End PBXGroup section */

/* Begin PBXNativeTarget section */
		FFC7DCE5184E52E000A766B3 /* forcaVerde */ = {
			isa = PBXNativeTarget;
			buildConfigurationList = FFC7DD12184E52E000A766B3 /* Build configuration list for PBXNativeTarget "forcaVerde" */;
			buildPhases = (
				FFC7DCE2184E52E000A766B3 /* Sources */,
				FFC7DCE3184E52E000A766B3 /* Frameworks */,
				FFC7DCE4184E52E000A766B3 /* Resources */,
			);
			buildRules = (
			);
			dependencies = (
			);
			name = forcaVerde;
			productName = forcaVerde;
			productReference = FFC7DCE6184E52E000A766B3 /* forcaVerde.app */;
			productType = "com.apple.product-type.application";
		};
		FFC7DD00184E52E000A766B3 /* forcaVerdeTests */ = {
			isa = PBXNativeTarget;
			buildConfigurationList = FFC7DD15184E52E000A766B3 /* Build configuration list for PBXNativeTarget "forcaVerdeTests" */;
			buildPhases = (
				FFC7DCFD184E52E000A766B3 /* Sources */,
				FFC7DCFE184E52E000A766B3 /* Frameworks */,
				FFC7DCFF184E52E000A766B3 /* Resources */,
			);
			buildRules = (
			);
			dependencies = (
				FFC7DD07184E52E000A766B3 /* PBXTargetDependency */,
			);
			name = forcaVerdeTests;
			productName = forcaVerdeTests;
			productReference = FFC7DD01184E52E000A766B3 /* forcaVerdeTests.xctest */;
			productType = "com.apple.product-type.bundle.unit-test";
		};
/* End PBXNativeTarget section */

/* Begin PBXProject section */
		FFC7DCDE184E52E000A766B3 /* Project object */ = {
			isa = PBXProject;
			attributes = {
				LastUpgradeCheck = 0500;
				ORGANIZATIONNAME = "Tiago Paluch";
				TargetAttributes = {
					FFC7DD00184E52E000A766B3 = {
						TestTargetID = FFC7DCE5184E52E000A766B3;
					};
				};
			};
			buildConfigurationList = FFC7DCE1184E52E000A766B3 /* Build configuration list for PBXProject "forcaVerde" */;
			compatibilityVersion = "Xcode 3.2";
			developmentRegion = English;
			hasScannedForEncodings = 0;
			knownRegions = (
				en,
			);
			mainGroup = FFC7DCDD184E52E000A766B3;
			productRefGroup = FFC7DCE7184E52E000A766B3 /* Products */;
			projectDirPath = "";
			projectRoot = "";
			targets = (
				FFC7DCE5184E52E000A766B3 /* forcaVerde */,
				FFC7DD00184E52E000A766B3 /* forcaVerdeTests */,
			);
		};
/* End PBXProject section */

/* Begin PBXResourcesBuildPhase section */
		FFC7DCE4184E52E000A766B3 /* Resources */ = {
			isa = PBXResourcesBuildPhase;
			buildActionMask = 2147483647;
			files = (
				EA5135C4184EB0A900AC3069 /* SelectTipoCrime.xib in Resources */,
				EA4E791E185687EC00C2B619 /* infoPol.xib in Resources */,
				EA7EF0A318578A5500875056 /* jaguatirica-e1358515997707.jpg in Resources */,
				EA66B7EA18514CBC0089EE54 /* filhotes.jpg in Resources */,
				FFC7DCF4184E52E000A766B3 /* InfoPlist.strings in Resources */,
				FFC7DD1C184E533400A766B3 /* MeuViewController.xib in Resources */,
				FFC7DCFC184E52E000A766B3 /* Images.xcassets in Resources */,
				FFDEB6C118578217002AA22A /* BPFlo_PMPR.PNG in Resources */,
				EA4E7913185677F200C2B619 /* MaisInfoPolViewController.xib in Resources */,
				EA96EFB218510F40000FF126 /* TiposCrimes.xib in Resources */,
				EA66B7E4185141850089EE54 /* infoCrimes.xib in Resources */,
				EA5135BF184EAF0000AC3069 /* PagIniViewController.xib in Resources */,
			);
			runOnlyForDeploymentPostprocessing = 0;
		};
		FFC7DCFF184E52E000A766B3 /* Resources */ = {
			isa = PBXResourcesBuildPhase;
			buildActionMask = 2147483647;
			files = (
				FFC7DD0D184E52E000A766B3 /* InfoPlist.strings in Resources */,
			);
			runOnlyForDeploymentPostprocessing = 0;
		};
/* End PBXResourcesBuildPhase section */

/* Begin PBXSourcesBuildPhase section */
		FFC7DCE2184E52E000A766B3 /* Sources */ = {
			isa = PBXSourcesBuildPhase;
			buildActionMask = 2147483647;
			files = (
				EA5135BE184EAF0000AC3069 /* PagIniViewController.m in Sources */,
				EA5135C3184EB0A900AC3069 /* SelectTipoCrime.m in Sources */,
				EA96EFB118510F40000FF126 /* TiposCrimes.m in Sources */,
				FFDB3309185A34FB00764D78 /* denuncia.m in Sources */,
				FFC7DCFA184E52E000A766B3 /* AppDelegate.m in Sources */,
				FFDB330E185A3FF000764D78 /* banco.m in Sources */,
				EA4E79161856813E00C2B619 /* PoliciaMilitar.m in Sources */,
				EA4E7912185677F200C2B619 /* MaisInfoPolViewController.m in Sources */,
				EA96EFA9185108C3000FF126 /* CrimesAmbientais.m in Sources */,
				EA96EFAD18510984000FF126 /* GCrimesAmbientais.m in Sources */,
				FFC7DD1B184E533400A766B3 /* MeuViewController.m in Sources */,
				EA4E791D185687EC00C2B619 /* infoPol.m in Sources */,
				EA66B7E7185144470089EE54 /* infoCrimes.m in Sources */,
				FF19A0BD18579EB5006B59A6 /* Anotacao.m in Sources */,
				EA4E7919185682FE00C2B619 /* GPoliciaMilitar.m in Sources */,
				FFC7DCF6184E52E000A766B3 /* main.m in Sources */,
			);
			runOnlyForDeploymentPostprocessing = 0;
		};
		FFC7DCFD184E52E000A766B3 /* Sources */ = {
			isa = PBXSourcesBuildPhase;
			buildActionMask = 2147483647;
			files = (
				FFC7DD0F184E52E000A766B3 /* forcaVerdeTests.m in Sources */,
			);
			runOnlyForDeploymentPostprocessing = 0;
		};
/* End PBXSourcesBuildPhase section */

/* Begin PBXTargetDependency section */
		FFC7DD07184E52E000A766B3 /* PBXTargetDependency */ = {
			isa = PBXTargetDependency;
			target = FFC7DCE5184E52E000A766B3 /* forcaVerde */;
			targetProxy = FFC7DD06184E52E000A766B3 /* PBXContainerItemProxy */;
		};
/* End PBXTargetDependency section */

/* Begin PBXVariantGroup section */
		FFC7DCF2184E52E000A766B3 /* InfoPlist.strings */ = {
			isa = PBXVariantGroup;
			children = (
				FFC7DCF3184E52E000A766B3 /* en */,
			);
			name = InfoPlist.strings;
			sourceTree = "<group>";
		};
		FFC7DD0B184E52E000A766B3 /* InfoPlist.strings */ = {
			isa = PBXVariantGroup;
			children = (
				FFC7DD0C184E52E000A766B3 /* en */,
			);
			name = InfoPlist.strings;
			sourceTree = "<group>";
		};
/* End PBXVariantGroup section */

/* Begin XCBuildConfiguration section */
		FFC7DD10184E52E000A766B3 /* Debug */ = {
			isa = XCBuildConfiguration;
			buildSettings = {
				ALWAYS_SEARCH_USER_PATHS = NO;
				ARCHS = "$(ARCHS_STANDARD_INCLUDING_64_BIT)";
				CLANG_CXX_LANGUAGE_STANDARD = "gnu++0x";
				CLANG_CXX_LIBRARY = "libc++";
				CLANG_ENABLE_MODULES = YES;
				CLANG_ENABLE_OBJC_ARC = YES;
				CLANG_WARN_BOOL_CONVERSION = YES;
				CLANG_WARN_CONSTANT_CONVERSION = YES;
				CLANG_WARN_DIRECT_OBJC_ISA_USAGE = YES_ERROR;
				CLANG_WARN_EMPTY_BODY = YES;
				CLANG_WARN_ENUM_CONVERSION = YES;
				CLANG_WARN_INT_CONVERSION = YES;
				CLANG_WARN_OBJC_ROOT_CLASS = YES_ERROR;
				CLANG_WARN__DUPLICATE_METHOD_MATCH = YES;
				"CODE_SIGN_IDENTITY[sdk=iphoneos*]" = "iPhone Developer";
				COPY_PHASE_STRIP = NO;
				GCC_C_LANGUAGE_STANDARD = gnu99;
				GCC_DYNAMIC_NO_PIC = NO;
				GCC_OPTIMIZATION_LEVEL = 0;
				GCC_PREPROCESSOR_DEFINITIONS = (
					"DEBUG=1",
					"$(inherited)",
				);
				GCC_SYMBOLS_PRIVATE_EXTERN = NO;
				GCC_WARN_64_TO_32_BIT_CONVERSION = YES;
				GCC_WARN_ABOUT_RETURN_TYPE = YES_ERROR;
				GCC_WARN_UNDECLARED_SELECTOR = YES;
				GCC_WARN_UNINITIALIZED_AUTOS = YES;
				GCC_WARN_UNUSED_FUNCTION = YES;
				GCC_WARN_UNUSED_VARIABLE = YES;
				IPHONEOS_DEPLOYMENT_TARGET = 7.0;
				ONLY_ACTIVE_ARCH = YES;
				SDKROOT = iphoneos;
				TARGETED_DEVICE_FAMILY = 2;
			};
			name = Debug;
		};
		FFC7DD11184E52E000A766B3 /* Release */ = {
			isa = XCBuildConfiguration;
			buildSettings = {
				ALWAYS_SEARCH_USER_PATHS = NO;
				ARCHS = "$(ARCHS_STANDARD_INCLUDING_64_BIT)";
				CLANG_CXX_LANGUAGE_STANDARD = "gnu++0x";
				CLANG_CXX_LIBRARY = "libc++";
				CLANG_ENABLE_MODULES = YES;
				CLANG_ENABLE_OBJC_ARC = YES;
				CLANG_WARN_BOOL_CONVERSION = YES;
				CLANG_WARN_CONSTANT_CONVERSION = YES;
				CLANG_WARN_DIRECT_OBJC_ISA_USAGE = YES_ERROR;
				CLANG_WARN_EMPTY_BODY = YES;
				CLANG_WARN_ENUM_CONVERSION = YES;
				CLANG_WARN_INT_CONVERSION = YES;
				CLANG_WARN_OBJC_ROOT_CLASS = YES_ERROR;
				CLANG_WARN__DUPLICATE_METHOD_MATCH = YES;
				"CODE_SIGN_IDENTITY[sdk=iphoneos*]" = "iPhone Developer";
				COPY_PHASE_STRIP = YES;
				ENABLE_NS_ASSERTIONS = NO;
				GCC_C_LANGUAGE_STANDARD = gnu99;
				GCC_WARN_64_TO_32_BIT_CONVERSION = YES;
				GCC_WARN_ABOUT_RETURN_TYPE = YES_ERROR;
				GCC_WARN_UNDECLARED_SELECTOR = YES;
				GCC_WARN_UNINITIALIZED_AUTOS = YES;
				GCC_WARN_UNUSED_FUNCTION = YES;
				GCC_WARN_UNUSED_VARIABLE = YES;
				IPHONEOS_DEPLOYMENT_TARGET = 7.0;
				SDKROOT = iphoneos;
				TARGETED_DEVICE_FAMILY = 2;
				VALIDATE_PRODUCT = YES;
			};
			name = Release;
		};
		FFC7DD13184E52E000A766B3 /* Debug */ = {
			isa = XCBuildConfiguration;
			buildSettings = {
				ASSETCATALOG_COMPILER_APPICON_NAME = AppIcon;
				ASSETCATALOG_COMPILER_LAUNCHIMAGE_NAME = LaunchImage;
				CODE_SIGN_IDENTITY = "iPhone Developer";
				GCC_PRECOMPILE_PREFIX_HEADER = YES;
				GCC_PREFIX_HEADER = "forcaVerde/forcaVerde-Prefix.pch";
				INFOPLIST_FILE = "forcaVerde/forcaVerde-Info.plist";
				IPHONEOS_DEPLOYMENT_TARGET = 7.0;
				PRODUCT_NAME = "$(TARGET_NAME)";
				TARGETED_DEVICE_FAMILY = "1,2";
				WRAPPER_EXTENSION = app;
			};
			name = Debug;
		};
		FFC7DD14184E52E000A766B3 /* Release */ = {
			isa = XCBuildConfiguration;
			buildSettings = {
				ASSETCATALOG_COMPILER_APPICON_NAME = AppIcon;
				ASSETCATALOG_COMPILER_LAUNCHIMAGE_NAME = LaunchImage;
				CODE_SIGN_IDENTITY = "iPhone Developer";
				GCC_PRECOMPILE_PREFIX_HEADER = YES;
				GCC_PREFIX_HEADER = "forcaVerde/forcaVerde-Prefix.pch";
				INFOPLIST_FILE = "forcaVerde/forcaVerde-Info.plist";
				IPHONEOS_DEPLOYMENT_TARGET = 7.0;
				PRODUCT_NAME = "$(TARGET_NAME)";
				TARGETED_DEVICE_FAMILY = "1,2";
				WRAPPER_EXTENSION = app;
			};
			name = Release;
		};
		FFC7DD16184E52E000A766B3 /* Debug */ = {
			isa = XCBuildConfiguration;
			buildSettings = {
				ARCHS = "$(ARCHS_STANDARD_INCLUDING_64_BIT)";
				BUNDLE_LOADER = "$(BUILT_PRODUCTS_DIR)/forcaVerde.app/forcaVerde";
				FRAMEWORK_SEARCH_PATHS = (
					"$(SDKROOT)/Developer/Library/Frameworks",
					"$(inherited)",
					"$(DEVELOPER_FRAMEWORKS_DIR)",
				);
				GCC_PRECOMPILE_PREFIX_HEADER = YES;
				GCC_PREFIX_HEADER = "forcaVerde/forcaVerde-Prefix.pch";
				GCC_PREPROCESSOR_DEFINITIONS = (
					"DEBUG=1",
					"$(inherited)",
				);
				INFOPLIST_FILE = "forcaVerdeTests/forcaVerdeTests-Info.plist";
				PRODUCT_NAME = "$(TARGET_NAME)";
				TEST_HOST = "$(BUNDLE_LOADER)";
				WRAPPER_EXTENSION = xctest;
			};
			name = Debug;
		};
		FFC7DD17184E52E000A766B3 /* Release */ = {
			isa = XCBuildConfiguration;
			buildSettings = {
				ARCHS = "$(ARCHS_STANDARD_INCLUDING_64_BIT)";
				BUNDLE_LOADER = "$(BUILT_PRODUCTS_DIR)/forcaVerde.app/forcaVerde";
				FRAMEWORK_SEARCH_PATHS = (
					"$(SDKROOT)/Developer/Library/Frameworks",
					"$(inherited)",
					"$(DEVELOPER_FRAMEWORKS_DIR)",
				);
				GCC_PRECOMPILE_PREFIX_HEADER = YES;
				GCC_PREFIX_HEADER = "forcaVerde/forcaVerde-Prefix.pch";
				INFOPLIST_FILE = "forcaVerdeTests/forcaVerdeTests-Info.plist";
				PRODUCT_NAME = "$(TARGET_NAME)";
				TEST_HOST = "$(BUNDLE_LOADER)";
				WRAPPER_EXTENSION = xctest;
			};
			name = Release;
		};
/* End XCBuildConfiguration section */

/* Begin XCConfigurationList section */
		FFC7DCE1184E52E000A766B3 /* Build configuration list for PBXProject "forcaVerde" */ = {
			isa = XCConfigurationList;
			buildConfigurations = (
				FFC7DD10184E52E000A766B3 /* Debug */,
				FFC7DD11184E52E000A766B3 /* Release */,
			);
			defaultConfigurationIsVisible = 0;
			defaultConfigurationName = Release;
		};
		FFC7DD12184E52E000A766B3 /* Build configuration list for PBXNativeTarget "forcaVerde" */ = {
			isa = XCConfigurationList;
			buildConfigurations = (
				FFC7DD13184E52E000A766B3 /* Debug */,
				FFC7DD14184E52E000A766B3 /* Release */,
			);
			defaultConfigurationIsVisible = 0;
			defaultConfigurationName = Release;
		};
		FFC7DD15184E52E000A766B3 /* Build configuration list for PBXNativeTarget "forcaVerdeTests" */ = {
			isa = XCConfigurationList;
			buildConfigurations = (
				FFC7DD16184E52E000A766B3 /* Debug */,
				FFC7DD17184E52E000A766B3 /* Release */,
			);
			defaultConfigurationIsVisible = 0;
			defaultConfigurationName = Release;
		};
/* End XCConfigurationList section */
	};
	rootObject = FFC7DCDE184E52E000A766B3 /* Project object */;
}
